
Microsoft Visual Studio Solution File, Format Version 12.00
Project("{2150E333-8FDC-42A3-9474-1A3956D46DE8}") = "Modules", "Modules", "{ABD3D8B2-99CC-4D38-A061-FC310573A4AA}"
EndProject
Project("{2150E333-8FDC-42A3-9474-1A3956D46DE8}") = "Tasks", "Tasks", "{6042B4F0-8B37-4F5C-83F8-0B2D4CB0C079}"
EndProject
Project("{2150E333-8FDC-42A3-9474-1A3956D46DE8}") = "Notifications", "Notifications", "{ADE58924-5868-4A0D-842A-11B41AED1C08}"
EndProject
Project("{FAE04EC0-301F-11D3-BF4B-00C04F79EFBC}") = "Tasks.Domain", "Modules\Tasks\ToDoList.Tasks.Domain\Tasks.Domain.csproj", "{C266F51A-1821-4976-9B60-EF9FFA487B45}"
EndProject
Project("{FAE04EC0-301F-11D3-BF4B-00C04F79EFBC}") = "Tasks.Application.Contracts", "Modules\Tasks\ToDoList.Tasks.Application.Contracts\Tasks.Application.Contracts.csproj", "{8A2C1536-0AF9-431C-8F63-9164246DC62A}"
EndProject
Project("{FAE04EC0-301F-11D3-BF4B-00C04F79EFBC}") = "Tasks.Infrastructure.Database", "Modules\Tasks\ToDoList.Tasks.Infrastructure.Database\Tasks.Infrastructure.Database.csproj", "{D82D5883-F460-4346-9AFB-4C4B8E80D452}"
EndProject
Project("{FAE04EC0-301F-11D3-BF4B-00C04F79EFBC}") = "Notifications.Infrastructure.Database", "Modules\Notifications\ToDoList.Notifications.Infrastructure.Database\Notifications.Infrastructure.Database.csproj", "{E371DBCD-1867-4950-97F7-5EEBA37E117E}"
EndProject
Project("{FAE04EC0-301F-11D3-BF4B-00C04F79EFBC}") = "Notifications.Infrastructure.MessageBus", "Modules\Notifications\ToDoList.Notifications.Infrastructure.MessageBus\Notifications.Infrastructure.MessageBus.csproj", "{1DD75041-B18D-465E-9E64-F4BC81B0A363}"
EndProject
Project("{FAE04EC0-301F-11D3-BF4B-00C04F79EFBC}") = "Notifications.Domain", "Modules\Notifications\ToDoList.Notifications.Domain\Notifications.Domain.csproj", "{050F7E82-941F-42CB-9F0C-F05A373DCEAC}"
EndProject
Project("{FAE04EC0-301F-11D3-BF4B-00C04F79EFBC}") = "Notifications.Application.Contracts", "Modules\Notifications\ToDoList.Notifications.Application.Contracts\Notifications.Application.Contracts.csproj", "{B93A4E20-10AC-4C8F-BDB0-81788F1C5A38}"
EndProject
Project("{FAE04EC0-301F-11D3-BF4B-00C04F79EFBC}") = "Notifications.Infrastructure.Configuration", "Modules\Notifications\ToDoList.Notifications.Infrastructure.Configuration\Notifications.Infrastructure.Configuration.csproj", "{9EAD38A2-2EF4-4B5E-B03C-3486F3DAA51E}"
EndProject
Project("{FAE04EC0-301F-11D3-BF4B-00C04F79EFBC}") = "Notifications.Application.Internals", "Modules\Notifications\ToDoList.Notifications.Application\Notifications.Application.Internals.csproj", "{00C91EF1-1618-426D-80B8-C8F276D8B757}"
EndProject
Project("{FAE04EC0-301F-11D3-BF4B-00C04F79EFBC}") = "Tasks.Application.Internals", "Modules\Tasks\ToDoList.Tasks.Application\Tasks.Application.Internals.csproj", "{8773529F-785A-4EFF-8540-B7050BB2C3A3}"
EndProject
Project("{FAE04EC0-301F-11D3-BF4B-00C04F79EFBC}") = "Tasks.Infrastructure.Configuration", "Modules\Tasks\ToDoList.Tasks.Infrastructure.Configuration\Tasks.Infrastructure.Configuration.csproj", "{0853DB7D-AFE5-4FCF-8C0C-BA16D1260CBA}"
EndProject
Project("{2150E333-8FDC-42A3-9474-1A3956D46DE8}") = "Api", "Api", "{47C59209-98F9-41B2-A1C3-E3CB2DDD6E25}"
EndProject
Project("{FAE04EC0-301F-11D3-BF4B-00C04F79EFBC}") = "Api", "Api\ToDoList.Api\Api.csproj", "{2CC1F10F-62DA-4037-8476-F6FD22A2D868}"
EndProject
Project("{FAE04EC0-301F-11D3-BF4B-00C04F79EFBC}") = "BuildingBlocks", "ToDoList.BuildingBlocks\BuildingBlocks.csproj", "{DA36576E-4577-46A3-A39D-9B7B8B33C545}"
EndProject
Project("{2150E333-8FDC-42A3-9474-1A3956D46DE8}") = "Tests", "Tests", "{72F72E13-08F1-4389-9EBB-C4DFD045CCEC}"
EndProject
Project("{FAE04EC0-301F-11D3-BF4B-00C04F79EFBC}") = "NetArchTest", "Tests\ToDoList.ArchitectureTests\NetArchTest.csproj", "{AC1CA84B-7CA7-4A5F-81F4-6466B469FCB4}"
EndProject
Project("{FAE04EC0-301F-11D3-BF4B-00C04F79EFBC}") = "ArchUnitNET", "Tests\ArchUnitNET\ArchUnitNET.csproj", "{FEEB749C-1A86-492E-B7C1-937093F428B2}"
EndProject
Project("{FAE04EC0-301F-11D3-BF4B-00C04F79EFBC}") = "Notifications.Infrastructure.Gateway", "Modules\Notifications\Notifications.Infrastructure.Gateway\Notifications.Infrastructure.Gateway.csproj", "{670FAE1D-B25A-4D27-A871-35CBCF3BC4C6}"
EndProject
Project("{FAE04EC0-301F-11D3-BF4B-00C04F79EFBC}") = "Tasks.Infrastructure.MessageBus", "Modules\Tasks\ToDoList.Tasks.Infrastructure.MesageBus\Tasks.Infrastructure.MessageBus.csproj", "{F75D8280-A260-4055-A114-051ABF609600}"
EndProject
Global
	GlobalSection(SolutionConfigurationPlatforms) = preSolution
		Debug|Any CPU = Debug|Any CPU
		Release|Any CPU = Release|Any CPU
	EndGlobalSection
	GlobalSection(NestedProjects) = preSolution
		{6042B4F0-8B37-4F5C-83F8-0B2D4CB0C079} = {ABD3D8B2-99CC-4D38-A061-FC310573A4AA}
		{ADE58924-5868-4A0D-842A-11B41AED1C08} = {ABD3D8B2-99CC-4D38-A061-FC310573A4AA}
		{C266F51A-1821-4976-9B60-EF9FFA487B45} = {6042B4F0-8B37-4F5C-83F8-0B2D4CB0C079}
		{8A2C1536-0AF9-431C-8F63-9164246DC62A} = {6042B4F0-8B37-4F5C-83F8-0B2D4CB0C079}
		{D82D5883-F460-4346-9AFB-4C4B8E80D452} = {6042B4F0-8B37-4F5C-83F8-0B2D4CB0C079}
		{E371DBCD-1867-4950-97F7-5EEBA37E117E} = {ADE58924-5868-4A0D-842A-11B41AED1C08}
		{1DD75041-B18D-465E-9E64-F4BC81B0A363} = {ADE58924-5868-4A0D-842A-11B41AED1C08}
		{050F7E82-941F-42CB-9F0C-F05A373DCEAC} = {ADE58924-5868-4A0D-842A-11B41AED1C08}
		{B93A4E20-10AC-4C8F-BDB0-81788F1C5A38} = {ADE58924-5868-4A0D-842A-11B41AED1C08}
		{9EAD38A2-2EF4-4B5E-B03C-3486F3DAA51E} = {ADE58924-5868-4A0D-842A-11B41AED1C08}
		{00C91EF1-1618-426D-80B8-C8F276D8B757} = {ADE58924-5868-4A0D-842A-11B41AED1C08}
		{8773529F-785A-4EFF-8540-B7050BB2C3A3} = {6042B4F0-8B37-4F5C-83F8-0B2D4CB0C079}
		{0853DB7D-AFE5-4FCF-8C0C-BA16D1260CBA} = {6042B4F0-8B37-4F5C-83F8-0B2D4CB0C079}
		{2CC1F10F-62DA-4037-8476-F6FD22A2D868} = {47C59209-98F9-41B2-A1C3-E3CB2DDD6E25}
		{AC1CA84B-7CA7-4A5F-81F4-6466B469FCB4} = {72F72E13-08F1-4389-9EBB-C4DFD045CCEC}
		{FEEB749C-1A86-492E-B7C1-937093F428B2} = {72F72E13-08F1-4389-9EBB-C4DFD045CCEC}
		{670FAE1D-B25A-4D27-A871-35CBCF3BC4C6} = {ADE58924-5868-4A0D-842A-11B41AED1C08}
		{F75D8280-A260-4055-A114-051ABF609600} = {6042B4F0-8B37-4F5C-83F8-0B2D4CB0C079}
	EndGlobalSection
	GlobalSection(ProjectConfigurationPlatforms) = postSolution
		{C266F51A-1821-4976-9B60-EF9FFA487B45}.Debug|Any CPU.ActiveCfg = Debug|Any CPU
		{C266F51A-1821-4976-9B60-EF9FFA487B45}.Debug|Any CPU.Build.0 = Debug|Any CPU
		{C266F51A-1821-4976-9B60-EF9FFA487B45}.Release|Any CPU.ActiveCfg = Release|Any CPU
		{C266F51A-1821-4976-9B60-EF9FFA487B45}.Release|Any CPU.Build.0 = Release|Any CPU
		{8A2C1536-0AF9-431C-8F63-9164246DC62A}.Debug|Any CPU.ActiveCfg = Debug|Any CPU
		{8A2C1536-0AF9-431C-8F63-9164246DC62A}.Debug|Any CPU.Build.0 = Debug|Any CPU
		{8A2C1536-0AF9-431C-8F63-9164246DC62A}.Release|Any CPU.ActiveCfg = Release|Any CPU
		{8A2C1536-0AF9-431C-8F63-9164246DC62A}.Release|Any CPU.Build.0 = Release|Any CPU
		{D82D5883-F460-4346-9AFB-4C4B8E80D452}.Debug|Any CPU.ActiveCfg = Debug|Any CPU
		{D82D5883-F460-4346-9AFB-4C4B8E80D452}.Debug|Any CPU.Build.0 = Debug|Any CPU
		{D82D5883-F460-4346-9AFB-4C4B8E80D452}.Release|Any CPU.ActiveCfg = Release|Any CPU
		{D82D5883-F460-4346-9AFB-4C4B8E80D452}.Release|Any CPU.Build.0 = Release|Any CPU
		{E371DBCD-1867-4950-97F7-5EEBA37E117E}.Debug|Any CPU.ActiveCfg = Debug|Any CPU
		{E371DBCD-1867-4950-97F7-5EEBA37E117E}.Debug|Any CPU.Build.0 = Debug|Any CPU
		{E371DBCD-1867-4950-97F7-5EEBA37E117E}.Release|Any CPU.ActiveCfg = Release|Any CPU
		{E371DBCD-1867-4950-97F7-5EEBA37E117E}.Release|Any CPU.Build.0 = Release|Any CPU
		{1DD75041-B18D-465E-9E64-F4BC81B0A363}.Debug|Any CPU.ActiveCfg = Debug|Any CPU
		{1DD75041-B18D-465E-9E64-F4BC81B0A363}.Debug|Any CPU.Build.0 = Debug|Any CPU
		{1DD75041-B18D-465E-9E64-F4BC81B0A363}.Release|Any CPU.ActiveCfg = Release|Any CPU
		{1DD75041-B18D-465E-9E64-F4BC81B0A363}.Release|Any CPU.Build.0 = Release|Any CPU
		{050F7E82-941F-42CB-9F0C-F05A373DCEAC}.Debug|Any CPU.ActiveCfg = Debug|Any CPU
		{050F7E82-941F-42CB-9F0C-F05A373DCEAC}.Debug|Any CPU.Build.0 = Debug|Any CPU
		{050F7E82-941F-42CB-9F0C-F05A373DCEAC}.Release|Any CPU.ActiveCfg = Release|Any CPU
		{050F7E82-941F-42CB-9F0C-F05A373DCEAC}.Release|Any CPU.Build.0 = Release|Any CPU
		{B93A4E20-10AC-4C8F-BDB0-81788F1C5A38}.Debug|Any CPU.ActiveCfg = Debug|Any CPU
		{B93A4E20-10AC-4C8F-BDB0-81788F1C5A38}.Debug|Any CPU.Build.0 = Debug|Any CPU
		{B93A4E20-10AC-4C8F-BDB0-81788F1C5A38}.Release|Any CPU.ActiveCfg = Release|Any CPU
		{B93A4E20-10AC-4C8F-BDB0-81788F1C5A38}.Release|Any CPU.Build.0 = Release|Any CPU
		{9EAD38A2-2EF4-4B5E-B03C-3486F3DAA51E}.Debug|Any CPU.ActiveCfg = Debug|Any CPU
		{9EAD38A2-2EF4-4B5E-B03C-3486F3DAA51E}.Debug|Any CPU.Build.0 = Debug|Any CPU
		{9EAD38A2-2EF4-4B5E-B03C-3486F3DAA51E}.Release|Any CPU.ActiveCfg = Release|Any CPU
		{9EAD38A2-2EF4-4B5E-B03C-3486F3DAA51E}.Release|Any CPU.Build.0 = Release|Any CPU
		{00C91EF1-1618-426D-80B8-C8F276D8B757}.Debug|Any CPU.ActiveCfg = Debug|Any CPU
		{00C91EF1-1618-426D-80B8-C8F276D8B757}.Debug|Any CPU.Build.0 = Debug|Any CPU
		{00C91EF1-1618-426D-80B8-C8F276D8B757}.Release|Any CPU.ActiveCfg = Release|Any CPU
		{00C91EF1-1618-426D-80B8-C8F276D8B757}.Release|Any CPU.Build.0 = Release|Any CPU
		{8773529F-785A-4EFF-8540-B7050BB2C3A3}.Debug|Any CPU.ActiveCfg = Debug|Any CPU
		{8773529F-785A-4EFF-8540-B7050BB2C3A3}.Debug|Any CPU.Build.0 = Debug|Any CPU
		{8773529F-785A-4EFF-8540-B7050BB2C3A3}.Release|Any CPU.ActiveCfg = Release|Any CPU
		{8773529F-785A-4EFF-8540-B7050BB2C3A3}.Release|Any CPU.Build.0 = Release|Any CPU
		{0853DB7D-AFE5-4FCF-8C0C-BA16D1260CBA}.Debug|Any CPU.ActiveCfg = Debug|Any CPU
		{0853DB7D-AFE5-4FCF-8C0C-BA16D1260CBA}.Debug|Any CPU.Build.0 = Debug|Any CPU
		{0853DB7D-AFE5-4FCF-8C0C-BA16D1260CBA}.Release|Any CPU.ActiveCfg = Release|Any CPU
		{0853DB7D-AFE5-4FCF-8C0C-BA16D1260CBA}.Release|Any CPU.Build.0 = Release|Any CPU
		{2CC1F10F-62DA-4037-8476-F6FD22A2D868}.Debug|Any CPU.ActiveCfg = Debug|Any CPU
		{2CC1F10F-62DA-4037-8476-F6FD22A2D868}.Debug|Any CPU.Build.0 = Debug|Any CPU
		{2CC1F10F-62DA-4037-8476-F6FD22A2D868}.Release|Any CPU.ActiveCfg = Release|Any CPU
		{2CC1F10F-62DA-4037-8476-F6FD22A2D868}.Release|Any CPU.Build.0 = Release|Any CPU
		{DA36576E-4577-46A3-A39D-9B7B8B33C545}.Debug|Any CPU.ActiveCfg = Debug|Any CPU
		{DA36576E-4577-46A3-A39D-9B7B8B33C545}.Debug|Any CPU.Build.0 = Debug|Any CPU
		{DA36576E-4577-46A3-A39D-9B7B8B33C545}.Release|Any CPU.ActiveCfg = Release|Any CPU
		{DA36576E-4577-46A3-A39D-9B7B8B33C545}.Release|Any CPU.Build.0 = Release|Any CPU
		{AC1CA84B-7CA7-4A5F-81F4-6466B469FCB4}.Debug|Any CPU.ActiveCfg = Debug|Any CPU
		{AC1CA84B-7CA7-4A5F-81F4-6466B469FCB4}.Debug|Any CPU.Build.0 = Debug|Any CPU
		{AC1CA84B-7CA7-4A5F-81F4-6466B469FCB4}.Release|Any CPU.ActiveCfg = Release|Any CPU
		{AC1CA84B-7CA7-4A5F-81F4-6466B469FCB4}.Release|Any CPU.Build.0 = Release|Any CPU
		{FEEB749C-1A86-492E-B7C1-937093F428B2}.Debug|Any CPU.ActiveCfg = Debug|Any CPU
		{FEEB749C-1A86-492E-B7C1-937093F428B2}.Debug|Any CPU.Build.0 = Debug|Any CPU
		{FEEB749C-1A86-492E-B7C1-937093F428B2}.Release|Any CPU.ActiveCfg = Release|Any CPU
		{FEEB749C-1A86-492E-B7C1-937093F428B2}.Release|Any CPU.Build.0 = Release|Any CPU
		{670FAE1D-B25A-4D27-A871-35CBCF3BC4C6}.Debug|Any CPU.ActiveCfg = Debug|Any CPU
		{670FAE1D-B25A-4D27-A871-35CBCF3BC4C6}.Debug|Any CPU.Build.0 = Debug|Any CPU
		{670FAE1D-B25A-4D27-A871-35CBCF3BC4C6}.Release|Any CPU.ActiveCfg = Release|Any CPU
		{670FAE1D-B25A-4D27-A871-35CBCF3BC4C6}.Release|Any CPU.Build.0 = Release|Any CPU
		{F75D8280-A260-4055-A114-051ABF609600}.Debug|Any CPU.ActiveCfg = Debug|Any CPU
		{F75D8280-A260-4055-A114-051ABF609600}.Debug|Any CPU.Build.0 = Debug|Any CPU
		{F75D8280-A260-4055-A114-051ABF609600}.Release|Any CPU.ActiveCfg = Release|Any CPU
		{F75D8280-A260-4055-A114-051ABF609600}.Release|Any CPU.Build.0 = Release|Any CPU
	EndGlobalSection
EndGlobal
